// !$*UTF8*$!
{
	archiveVersion = 1;
	classes = {
	};
	objectVersion = 46;
	objects = {

/* Begin PBXBuildFile section */
		2F14F8AB128C865853C95ED8 /* Pods_ArrayChallengeDeuceUITests.framework in Frameworks */ = {isa = PBXBuildFile; fileRef = 8AA28D826B6D48BD4F95891A /* Pods_ArrayChallengeDeuceUITests.framework */; };
		34ED555FCFD12984796D27C1 /* Pods_ArrayChallengeDeuceTests.framework in Frameworks */ = {isa = PBXBuildFile; fileRef = B7D4628D2270B378E34883AB /* Pods_ArrayChallengeDeuceTests.framework */; };
		5B032EDE1D0B36CB00B07DFF /* AppDelegate.swift in Sources */ = {isa = PBXBuildFile; fileRef = 5B032EDD1D0B36CB00B07DFF /* AppDelegate.swift */; };
		5B032EE01D0B36CB00B07DFF /* ViewController.swift in Sources */ = {isa = PBXBuildFile; fileRef = 5B032EDF1D0B36CB00B07DFF /* ViewController.swift */; };
		5B032EE31D0B36CB00B07DFF /* Main.storyboard in Resources */ = {isa = PBXBuildFile; fileRef = 5B032EE11D0B36CB00B07DFF /* Main.storyboard */; };
		5B032EE51D0B36CB00B07DFF /* Assets.xcassets in Resources */ = {isa = PBXBuildFile; fileRef = 5B032EE41D0B36CB00B07DFF /* Assets.xcassets */; };
		5B032EE81D0B36CB00B07DFF /* LaunchScreen.storyboard in Resources */ = {isa = PBXBuildFile; fileRef = 5B032EE61D0B36CB00B07DFF /* LaunchScreen.storyboard */; };
		5B032EF31D0B36CB00B07DFF /* ArrayChallengeDeuceTests.swift in Sources */ = {isa = PBXBuildFile; fileRef = 5B032EF21D0B36CB00B07DFF /* ArrayChallengeDeuceTests.swift */; };
		5B032EFE1D0B36CB00B07DFF /* ArrayChallengeDeuceUITests.swift in Sources */ = {isa = PBXBuildFile; fileRef = 5B032EFD1D0B36CB00B07DFF /* ArrayChallengeDeuceUITests.swift */; };
		D37C974AD84841CE560383D3 /* Pods_ArrayChallengeDeuce.framework in Frameworks */ = {isa = PBXBuildFile; fileRef = A97C106BF9E3FFBE44CFB0DF /* Pods_ArrayChallengeDeuce.framework */; };
/* End PBXBuildFile section */

/* Begin PBXContainerItemProxy section */
		5B032EEF1D0B36CB00B07DFF /* PBXContainerItemProxy */ = {
			isa = PBXContainerItemProxy;
			containerPortal = 5B032ED21D0B36CA00B07DFF /* Project object */;
			proxyType = 1;
			remoteGlobalIDString = 5B032ED91D0B36CA00B07DFF;
			remoteInfo = ArrayChallengeDeuce;
		};
		5B032EFA1D0B36CB00B07DFF /* PBXContainerItemProxy */ = {
			isa = PBXContainerItemProxy;
			containerPortal = 5B032ED21D0B36CA00B07DFF /* Project object */;
			proxyType = 1;
			remoteGlobalIDString = 5B032ED91D0B36CA00B07DFF;
			remoteInfo = ArrayChallengeDeuce;
		};
/* End PBXContainerItemProxy section */

/* Begin PBXFileReference section */
		062A79D130BA6DEB1536695D /* Pods-ArrayChallengeDeuceUITests.debug.xcconfig */ = {isa = PBXFileReference; includeInIndex = 1; lastKnownFileType = text.xcconfig; name = "Pods-ArrayChallengeDeuceUITests.debug.xcconfig"; path = "Pods/Target Support Files/Pods-ArrayChallengeDeuceUITests/Pods-ArrayChallengeDeuceUITests.debug.xcconfig"; sourceTree = "<group>"; };
		1C55057A9726778B4932E044 /* Pods-ArrayChallengeDeuceTests.debug.xcconfig */ = {isa = PBXFileReference; includeInIndex = 1; lastKnownFileType = text.xcconfig; name = "Pods-ArrayChallengeDeuceTests.debug.xcconfig"; path = "Pods/Target Support Files/Pods-ArrayChallengeDeuceTests/Pods-ArrayChallengeDeuceTests.debug.xcconfig"; sourceTree = "<group>"; };
		5B032EDA1D0B36CA00B07DFF /* ArrayChallengeDeuce.app */ = {isa = PBXFileReference; explicitFileType = wrapper.application; includeInIndex = 0; path = ArrayChallengeDeuce.app; sourceTree = BUILT_PRODUCTS_DIR; };
		5B032EDD1D0B36CB00B07DFF /* AppDelegate.swift */ = {isa = PBXFileReference; lastKnownFileType = sourcecode.swift; path = AppDelegate.swift; sourceTree = "<group>"; };
		5B032EDF1D0B36CB00B07DFF /* ViewController.swift */ = {isa = PBXFileReference; lastKnownFileType = sourcecode.swift; path = ViewController.swift; sourceTree = "<group>"; };
		5B032EE21D0B36CB00B07DFF /* Base */ = {isa = PBXFileReference; lastKnownFileType = file.storyboard; name = Base; path = Base.lproj/Main.storyboard; sourceTree = "<group>"; };
		5B032EE41D0B36CB00B07DFF /* Assets.xcassets */ = {isa = PBXFileReference; lastKnownFileType = folder.assetcatalog; path = Assets.xcassets; sourceTree = "<group>"; };
		5B032EE71D0B36CB00B07DFF /* Base */ = {isa = PBXFileReference; lastKnownFileType = file.storyboard; name = Base; path = Base.lproj/LaunchScreen.storyboard; sourceTree = "<group>"; };
		5B032EE91D0B36CB00B07DFF /* Info.plist */ = {isa = PBXFileReference; lastKnownFileType = text.plist.xml; path = Info.plist; sourceTree = "<group>"; };
		5B032EEE1D0B36CB00B07DFF /* ArrayChallengeDeuceTests.xctest */ = {isa = PBXFileReference; explicitFileType = wrapper.cfbundle; includeInIndex = 0; path = ArrayChallengeDeuceTests.xctest; sourceTree = BUILT_PRODUCTS_DIR; };
		5B032EF21D0B36CB00B07DFF /* ArrayChallengeDeuceTests.swift */ = {isa = PBXFileReference; lastKnownFileType = sourcecode.swift; path = ArrayChallengeDeuceTests.swift; sourceTree = "<group>"; };
		5B032EF41D0B36CB00B07DFF /* Info.plist */ = {isa = PBXFileReference; lastKnownFileType = text.plist.xml; path = Info.plist; sourceTree = "<group>"; };
		5B032EF91D0B36CB00B07DFF /* ArrayChallengeDeuceUITests.xctest */ = {isa = PBXFileReference; explicitFileType = wrapper.cfbundle; includeInIndex = 0; path = ArrayChallengeDeuceUITests.xctest; sourceTree = BUILT_PRODUCTS_DIR; };
		5B032EFD1D0B36CB00B07DFF /* ArrayChallengeDeuceUITests.swift */ = {isa = PBXFileReference; lastKnownFileType = sourcecode.swift; path = ArrayChallengeDeuceUITests.swift; sourceTree = "<group>"; };
		5B032EFF1D0B36CB00B07DFF /* Info.plist */ = {isa = PBXFileReference; lastKnownFileType = text.plist.xml; path = Info.plist; sourceTree = "<group>"; };
		77A78D1659D87310002B0ECD /* Pods-ArrayChallengeDeuce.release.xcconfig */ = {isa = PBXFileReference; includeInIndex = 1; lastKnownFileType = text.xcconfig; name = "Pods-ArrayChallengeDeuce.release.xcconfig"; path = "Pods/Target Support Files/Pods-ArrayChallengeDeuce/Pods-ArrayChallengeDeuce.release.xcconfig"; sourceTree = "<group>"; };
		8AA28D826B6D48BD4F95891A /* Pods_ArrayChallengeDeuceUITests.framework */ = {isa = PBXFileReference; explicitFileType = wrapper.framework; includeInIndex = 0; path = Pods_ArrayChallengeDeuceUITests.framework; sourceTree = BUILT_PRODUCTS_DIR; };
		952BD7F092567104BA17B212 /* Pods-ArrayChallengeDeuce.debug.xcconfig */ = {isa = PBXFileReference; includeInIndex = 1; lastKnownFileType = text.xcconfig; name = "Pods-ArrayChallengeDeuce.debug.xcconfig"; path = "Pods/Target Support Files/Pods-ArrayChallengeDeuce/Pods-ArrayChallengeDeuce.debug.xcconfig"; sourceTree = "<group>"; };
		A97C106BF9E3FFBE44CFB0DF /* Pods_ArrayChallengeDeuce.framework */ = {isa = PBXFileReference; explicitFileType = wrapper.framework; includeInIndex = 0; path = Pods_ArrayChallengeDeuce.framework; sourceTree = BUILT_PRODUCTS_DIR; };
		B694D0230BBDB296863E91D9 /* Pods-ArrayChallengeDeuceTests.release.xcconfig */ = {isa = PBXFileReference; includeInIndex = 1; lastKnownFileType = text.xcconfig; name = "Pods-ArrayChallengeDeuceTests.release.xcconfig"; path = "Pods/Target Support Files/Pods-ArrayChallengeDeuceTests/Pods-ArrayChallengeDeuceTests.release.xcconfig"; sourceTree = "<group>"; };
		B7D4628D2270B378E34883AB /* Pods_ArrayChallengeDeuceTests.framework */ = {isa = PBXFileReference; explicitFileType = wrapper.framework; includeInIndex = 0; path = Pods_ArrayChallengeDeuceTests.framework; sourceTree = BUILT_PRODUCTS_DIR; };
		CC4A5B4AEC8930D6CEE49C95 /* Pods-ArrayChallengeDeuceUITests.release.xcconfig */ = {isa = PBXFileReference; includeInIndex = 1; lastKnownFileType = text.xcconfig; name = "Pods-ArrayChallengeDeuceUITests.release.xcconfig"; path = "Pods/Target Support Files/Pods-ArrayChallengeDeuceUITests/Pods-ArrayChallengeDeuceUITests.release.xcconfig"; sourceTree = "<group>"; };
/* End PBXFileReference section */

/* Begin PBXFrameworksBuildPhase section */
		5B032ED71D0B36CA00B07DFF /* Frameworks */ = {
			isa = PBXFrameworksBuildPhase;
			buildActionMask = 2147483647;
			files = (
				D37C974AD84841CE560383D3 /* Pods_ArrayChallengeDeuce.framework in Frameworks */,
			);
			runOnlyForDeploymentPostprocessing = 0;
		};
		5B032EEB1D0B36CB00B07DFF /* Frameworks */ = {
			isa = PBXFrameworksBuildPhase;
			buildActionMask = 2147483647;
			files = (
				34ED555FCFD12984796D27C1 /* Pods_ArrayChallengeDeuceTests.framework in Frameworks */,
			);
			runOnlyForDeploymentPostprocessing = 0;
		};
		5B032EF61D0B36CB00B07DFF /* Frameworks */ = {
			isa = PBXFrameworksBuildPhase;
			buildActionMask = 2147483647;
			files = (
				2F14F8AB128C865853C95ED8 /* Pods_ArrayChallengeDeuceUITests.framework in Frameworks */,
			);
			runOnlyForDeploymentPostprocessing = 0;
		};
/* End PBXFrameworksBuildPhase section */

/* Begin PBXGroup section */
		4AE4A6C2945E062FC4E6615F /* Pods */ = {
			isa = PBXGroup;
			children = (
				952BD7F092567104BA17B212 /* Pods-ArrayChallengeDeuce.debug.xcconfig */,
				77A78D1659D87310002B0ECD /* Pods-ArrayChallengeDeuce.release.xcconfig */,
				1C55057A9726778B4932E044 /* Pods-ArrayChallengeDeuceTests.debug.xcconfig */,
				B694D0230BBDB296863E91D9 /* Pods-ArrayChallengeDeuceTests.release.xcconfig */,
				062A79D130BA6DEB1536695D /* Pods-ArrayChallengeDeuceUITests.debug.xcconfig */,
				CC4A5B4AEC8930D6CEE49C95 /* Pods-ArrayChallengeDeuceUITests.release.xcconfig */,
			);
			name = Pods;
			sourceTree = "<group>";
		};
		5B032ED11D0B36CA00B07DFF = {
			isa = PBXGroup;
			children = (
				5B032EDC1D0B36CA00B07DFF /* ArrayChallengeDeuce */,
				5B032EF11D0B36CB00B07DFF /* ArrayChallengeDeuceTests */,
				5B032EFC1D0B36CB00B07DFF /* ArrayChallengeDeuceUITests */,
				5B032EDB1D0B36CA00B07DFF /* Products */,
				4AE4A6C2945E062FC4E6615F /* Pods */,
				A0A5B3B7AC49E79B915C6422 /* Frameworks */,
			);
			sourceTree = "<group>";
		};
		5B032EDB1D0B36CA00B07DFF /* Products */ = {
			isa = PBXGroup;
			children = (
				5B032EDA1D0B36CA00B07DFF /* ArrayChallengeDeuce.app */,
				5B032EEE1D0B36CB00B07DFF /* ArrayChallengeDeuceTests.xctest */,
				5B032EF91D0B36CB00B07DFF /* ArrayChallengeDeuceUITests.xctest */,
			);
			name = Products;
			sourceTree = "<group>";
		};
		5B032EDC1D0B36CA00B07DFF /* ArrayChallengeDeuce */ = {
			isa = PBXGroup;
			children = (
				5B032EDD1D0B36CB00B07DFF /* AppDelegate.swift */,
				5B032EDF1D0B36CB00B07DFF /* ViewController.swift */,
				5B032EE11D0B36CB00B07DFF /* Main.storyboard */,
				5B032EE41D0B36CB00B07DFF /* Assets.xcassets */,
				5B032EE61D0B36CB00B07DFF /* LaunchScreen.storyboard */,
				5B032EE91D0B36CB00B07DFF /* Info.plist */,
			);
			path = ArrayChallengeDeuce;
			sourceTree = "<group>";
		};
		5B032EF11D0B36CB00B07DFF /* ArrayChallengeDeuceTests */ = {
			isa = PBXGroup;
			children = (
				5B032EF21D0B36CB00B07DFF /* ArrayChallengeDeuceTests.swift */,
				5B032EF41D0B36CB00B07DFF /* Info.plist */,
			);
			path = ArrayChallengeDeuceTests;
			sourceTree = "<group>";
		};
		5B032EFC1D0B36CB00B07DFF /* ArrayChallengeDeuceUITests */ = {
			isa = PBXGroup;
			children = (
				5B032EFD1D0B36CB00B07DFF /* ArrayChallengeDeuceUITests.swift */,
				5B032EFF1D0B36CB00B07DFF /* Info.plist */,
			);
			path = ArrayChallengeDeuceUITests;
			sourceTree = "<group>";
		};
		A0A5B3B7AC49E79B915C6422 /* Frameworks */ = {
			isa = PBXGroup;
			children = (
				A97C106BF9E3FFBE44CFB0DF /* Pods_ArrayChallengeDeuce.framework */,
				B7D4628D2270B378E34883AB /* Pods_ArrayChallengeDeuceTests.framework */,
				8AA28D826B6D48BD4F95891A /* Pods_ArrayChallengeDeuceUITests.framework */,
			);
			name = Frameworks;
			sourceTree = "<group>";
		};
/* End PBXGroup section */

/* Begin PBXNativeTarget section */
		5B032ED91D0B36CA00B07DFF /* ArrayChallengeDeuce */ = {
			isa = PBXNativeTarget;
			buildConfigurationList = 5B032F021D0B36CB00B07DFF /* Build configuration list for PBXNativeTarget "ArrayChallengeDeuce" */;
			buildPhases = (
				B4F357C9808B3C3571AAE12C /* [CP] Check Pods Manifest.lock */,
				5B032ED61D0B36CA00B07DFF /* Sources */,
				5B032ED71D0B36CA00B07DFF /* Frameworks */,
				5B032ED81D0B36CA00B07DFF /* Resources */,
				D3A710AEB114220C36FE9024 /* [CP] Embed Pods Frameworks */,
				43B9AFBB72A511B591FB0497 /* [CP] Copy Pods Resources */,
			);
			buildRules = (
			);
			dependencies = (
			);
			name = ArrayChallengeDeuce;
			productName = ArrayChallengeDeuce;
			productReference = 5B032EDA1D0B36CA00B07DFF /* ArrayChallengeDeuce.app */;
			productType = "com.apple.product-type.application";
		};
		5B032EED1D0B36CB00B07DFF /* ArrayChallengeDeuceTests */ = {
			isa = PBXNativeTarget;
			buildConfigurationList = 5B032F051D0B36CB00B07DFF /* Build configuration list for PBXNativeTarget "ArrayChallengeDeuceTests" */;
			buildPhases = (
				1DC8503B58D64DDAB429A122 /* [CP] Check Pods Manifest.lock */,
				5B032EEA1D0B36CB00B07DFF /* Sources */,
				5B032EEB1D0B36CB00B07DFF /* Frameworks */,
				5B032EEC1D0B36CB00B07DFF /* Resources */,
				3BC18500E8F55CCA128D11CC /* [CP] Embed Pods Frameworks */,
				9E5D81034E5E5176BAAE915C /* [CP] Copy Pods Resources */,
			);
			buildRules = (
			);
			dependencies = (
				5B032EF01D0B36CB00B07DFF /* PBXTargetDependency */,
			);
			name = ArrayChallengeDeuceTests;
			productName = ArrayChallengeDeuceTests;
			productReference = 5B032EEE1D0B36CB00B07DFF /* ArrayChallengeDeuceTests.xctest */;
			productType = "com.apple.product-type.bundle.unit-test";
		};
		5B032EF81D0B36CB00B07DFF /* ArrayChallengeDeuceUITests */ = {
			isa = PBXNativeTarget;
			buildConfigurationList = 5B032F081D0B36CB00B07DFF /* Build configuration list for PBXNativeTarget "ArrayChallengeDeuceUITests" */;
			buildPhases = (
				6F4A6ED5588241CC475EBFB7 /* [CP] Check Pods Manifest.lock */,
				5B032EF51D0B36CB00B07DFF /* Sources */,
				5B032EF61D0B36CB00B07DFF /* Frameworks */,
				5B032EF71D0B36CB00B07DFF /* Resources */,
				6B88E521F55D61A130C61471 /* [CP] Copy Pods Resources */,
			);
			buildRules = (
			);
			dependencies = (
				5B032EFB1D0B36CB00B07DFF /* PBXTargetDependency */,
			);
			name = ArrayChallengeDeuceUITests;
			productName = ArrayChallengeDeuceUITests;
			productReference = 5B032EF91D0B36CB00B07DFF /* ArrayChallengeDeuceUITests.xctest */;
			productType = "com.apple.product-type.bundle.ui-testing";
		};
/* End PBXNativeTarget section */

/* Begin PBXProject section */
		5B032ED21D0B36CA00B07DFF /* Project object */ = {
			isa = PBXProject;
			attributes = {
				LastSwiftUpdateCheck = 0730;
				LastUpgradeCheck = 0730;
				ORGANIZATIONNAME = "Flatiron School";
				TargetAttributes = {
					5B032ED91D0B36CA00B07DFF = {
						CreatedOnToolsVersion = 7.3.1;
					};
					5B032EED1D0B36CB00B07DFF = {
						CreatedOnToolsVersion = 7.3.1;
						TestTargetID = 5B032ED91D0B36CA00B07DFF;
					};
					5B032EF81D0B36CB00B07DFF = {
						CreatedOnToolsVersion = 7.3.1;
						TestTargetID = 5B032ED91D0B36CA00B07DFF;
					};
				};
			};
			buildConfigurationList = 5B032ED51D0B36CA00B07DFF /* Build configuration list for PBXProject "ArrayChallengeDeuce" */;
			compatibilityVersion = "Xcode 3.2";
			developmentRegion = English;
			hasScannedForEncodings = 0;
			knownRegions = (
				en,
				Base,
			);
			mainGroup = 5B032ED11D0B36CA00B07DFF;
			productRefGroup = 5B032EDB1D0B36CA00B07DFF /* Products */;
			projectDirPath = "";
			projectRoot = "";
			targets = (
				5B032ED91D0B36CA00B07DFF /* ArrayChallengeDeuce */,
				5B032EED1D0B36CB00B07DFF /* ArrayChallengeDeuceTests */,
				5B032EF81D0B36CB00B07DFF /* ArrayChallengeDeuceUITests */,
			);
		};
/* End PBXProject section */

/* Begin PBXResourcesBuildPhase section */
		5B032ED81D0B36CA00B07DFF /* Resources */ = {
			isa = PBXResourcesBuildPhase;
			buildActionMask = 2147483647;
			files = (
				5B032EE81D0B36CB00B07DFF /* LaunchScreen.storyboard in Resources */,
				5B032EE51D0B36CB00B07DFF /* Assets.xcassets in Resources */,
				5B032EE31D0B36CB00B07DFF /* Main.storyboard in Resources */,
			);
			runOnlyForDeploymentPostprocessing = 0;
		};
		5B032EEC1D0B36CB00B07DFF /* Resources */ = {
			isa = PBXResourcesBuildPhase;
			buildActionMask = 2147483647;
			files = (
			);
			runOnlyForDeploymentPostprocessing = 0;
		};
		5B032EF71D0B36CB00B07DFF /* Resources */ = {
			isa = PBXResourcesBuildPhase;
			buildActionMask = 2147483647;
			files = (
			);
			runOnlyForDeploymentPostprocessing = 0;
		};
/* End PBXResourcesBuildPhase section */

/* Begin PBXShellScriptBuildPhase section */
		1DC8503B58D64DDAB429A122 /* [CP] Check Pods Manifest.lock */ = {
			isa = PBXShellScriptBuildPhase;
			buildActionMask = 2147483647;
			files = (
			);
			inputPaths = (
			);
			name = "[CP] Check Pods Manifest.lock";
			outputPaths = (
			);
			runOnlyForDeploymentPostprocessing = 0;
			shellPath = /bin/sh;
			shellScript = "diff \"${PODS_ROOT}/../Podfile.lock\" \"${PODS_ROOT}/Manifest.lock\" > /dev/null\nif [[ $? != 0 ]] ; then\n    cat << EOM\nerror: The sandbox is not in sync with the Podfile.lock. Run 'pod install' or update your CocoaPods installation.\nEOM\n    exit 1\nfi\n";
			showEnvVarsInLog = 0;
		};
		3BC18500E8F55CCA128D11CC /* [CP] Embed Pods Frameworks */ = {
			isa = PBXShellScriptBuildPhase;
			buildActionMask = 2147483647;
			files = (
			);
			inputPaths = (
			);
			name = "[CP] Embed Pods Frameworks";
			outputPaths = (
			);
			runOnlyForDeploymentPostprocessing = 0;
			shellPath = /bin/sh;
			shellScript = "\"${SRCROOT}/Pods/Target Support Files/Pods-ArrayChallengeDeuceTests/Pods-ArrayChallengeDeuceTests-frameworks.sh\"\n";
			showEnvVarsInLog = 0;
		};
		43B9AFBB72A511B591FB0497 /* [CP] Copy Pods Resources */ = {
			isa = PBXShellScriptBuildPhase;
			buildActionMask = 2147483647;
			files = (
			);
			inputPaths = (
			);
			name = "[CP] Copy Pods Resources";
			outputPaths = (
			);
			runOnlyForDeploymentPostprocessing = 0;
			shellPath = /bin/sh;
			shellScript = "\"${SRCROOT}/Pods/Target Support Files/Pods-ArrayChallengeDeuce/Pods-ArrayChallengeDeuce-resources.sh\"\n";
			showEnvVarsInLog = 0;
		};
		6B88E521F55D61A130C61471 /* [CP] Copy Pods Resources */ = {
			isa = PBXShellScriptBuildPhase;
			buildActionMask = 2147483647;
			files = (
			);
			inputPaths = (
			);
			name = "[CP] Copy Pods Resources";
			outputPaths = (
			);
			runOnlyForDeploymentPostprocessing = 0;
			shellPath = /bin/sh;
			shellScript = "\"${SRCROOT}/Pods/Target Support Files/Pods-ArrayChallengeDeuceUITests/Pods-ArrayChallengeDeuceUITests-resources.sh\"\n";
			showEnvVarsInLog = 0;
		};
		6F4A6ED5588241CC475EBFB7 /* [CP] Check Pods Manifest.lock */ = {
			isa = PBXShellScriptBuildPhase;
			buildActionMask = 2147483647;
			files = (
			);
			inputPaths = (
			);
			name = "[CP] Check Pods Manifest.lock";
			outputPaths = (
			);
			runOnlyForDeploymentPostprocessing = 0;
			shellPath = /bin/sh;
			shellScript = "diff \"${PODS_ROOT}/../Podfile.lock\" \"${PODS_ROOT}/Manifest.lock\" > /dev/null\nif [[ $? != 0 ]] ; then\n    cat << EOM\nerror: The sandbox is not in sync with the Podfile.lock. Run 'pod install' or update your CocoaPods installation.\nEOM\n    exit 1\nfi\n";
			showEnvVarsInLog = 0;
		};
		9E5D81034E5E5176BAAE915C /* [CP] Copy Pods Resources */ = {
			isa = PBXShellScriptBuildPhase;
			buildActionMask = 2147483647;
			files = (
			);
			inputPaths = (
			);
			name = "[CP] Copy Pods Resources";
			outputPaths = (
			);
			runOnlyForDeploymentPostprocessing = 0;
			shellPath = /bin/sh;
			shellScript = "\"${SRCROOT}/Pods/Target Support Files/Pods-ArrayChallengeDeuceTests/Pods-ArrayChallengeDeuceTests-resources.sh\"\n";
			showEnvVarsInLog = 0;
		};
		B4F357C9808B3C3571AAE12C /* [CP] Check Pods Manifest.lock */ = {
			isa = PBXShellScriptBuildPhase;
			buildActionMask = 2147483647;
			files = (
			);
			inputPaths = (
			);
			name = "[CP] Check Pods Manifest.lock";
			outputPaths = (
			);
			runOnlyForDeploymentPostprocessing = 0;
			shellPath = /bin/sh;
			shellScript = "diff \"${PODS_ROOT}/../Podfile.lock\" \"${PODS_ROOT}/Manifest.lock\" > /dev/null\nif [[ $? != 0 ]] ; then\n    cat << EOM\nerror: The sandbox is not in sync with the Podfile.lock. Run 'pod install' or update your CocoaPods installation.\nEOM\n    exit 1\nfi\n";
			showEnvVarsInLog = 0;
		};
		D3A710AEB114220C36FE9024 /* [CP] Embed Pods Frameworks */ = {
			isa = PBXShellScriptBuildPhase;
			buildActionMask = 2147483647;
			files = (
			);
			inputPaths = (
			);
			name = "[CP] Embed Pods Frameworks";
			outputPaths = (
			);
			runOnlyForDeploymentPostprocessing = 0;
			shellPath = /bin/sh;
			shellScript = "\"${SRCROOT}/Pods/Target Support Files/Pods-ArrayChallengeDeuce/Pods-ArrayChallengeDeuce-frameworks.sh\"\n";
			showEnvVarsInLog = 0;
		};
/* End PBXShellScriptBuildPhase section */

/* Begin PBXSourcesBuildPhase section */
		5B032ED61D0B36CA00B07DFF /* Sources */ = {
			isa = PBXSourcesBuildPhase;
			buildActionMask = 2147483647;
			files = (
				5B032EE01D0B36CB00B07DFF /* ViewController.swift in Sources */,
				5B032EDE1D0B36CB00B07DFF /* AppDelegate.swift in Sources */,
			);
			runOnlyForDeploymentPostprocessing = 0;
		};
		5B032EEA1D0B36CB00B07DFF /* Sources */ = {
			isa = PBXSourcesBuildPhase;
			buildActionMask = 2147483647;
			files = (
				5B032EF31D0B36CB00B07DFF /* ArrayChallengeDeuceTests.swift in Sources */,
			);
			runOnlyForDeploymentPostprocessing = 0;
		};
		5B032EF51D0B36CB00B07DFF /* Sources */ = {
			isa = PBXSourcesBuildPhase;
			buildActionMask = 2147483647;
			files = (
				5B032EFE1D0B36CB00B07DFF /* ArrayChallengeDeuceUITests.swift in Sources */,
			);
			runOnlyForDeploymentPostprocessing = 0;
		};
/* End PBXSourcesBuildPhase section */

/* Begin PBXTargetDependency section */
		5B032EF01D0B36CB00B07DFF /* PBXTargetDependency */ = {
			isa = PBXTargetDependency;
			target = 5B032ED91D0B36CA00B07DFF /* ArrayChallengeDeuce */;
			targetProxy = 5B032EEF1D0B36CB00B07DFF /* PBXContainerItemProxy */;
		};
		5B032EFB1D0B36CB00B07DFF /* PBXTargetDependency */ = {
			isa = PBXTargetDependency;
			target = 5B032ED91D0B36CA00B07DFF /* ArrayChallengeDeuce */;
			targetProxy = 5B032EFA1D0B36CB00B07DFF /* PBXContainerItemProxy */;
		};
/* End PBXTargetDependency section */

/* Begin PBXVariantGroup section */
		5B032EE11D0B36CB00B07DFF /* Main.storyboard */ = {
			isa = PBXVariantGroup;
			children = (
				5B032EE21D0B36CB00B07DFF /* Base */,
			);
			name = Main.storyboard;
			sourceTree = "<group>";
		};
		5B032EE61D0B36CB00B07DFF /* LaunchScreen.storyboard */ = {
			isa = PBXVariantGroup;
			children = (
				5B032EE71D0B36CB00B07DFF /* Base */,
			);
			name = LaunchScreen.storyboard;
			sourceTree = "<group>";
		};
/* End PBXVariantGroup section */

/* Begin XCBuildConfiguration section */
		5B032F001D0B36CB00B07DFF /* Debug */ = {
			isa = XCBuildConfiguration;
			buildSettings = {
				ALWAYS_SEARCH_USER_PATHS = NO;
				CLANG_ANALYZER_NONNULL = YES;
				CLANG_CXX_LANGUAGE_STANDARD = "gnu++0x";
				CLANG_CXX_LIBRARY = "libc++";
				CLANG_ENABLE_MODULES = YES;
				CLANG_ENABLE_OBJC_ARC = YES;
				CLANG_WARN_BOOL_CONVERSION = YES;
				CLANG_WARN_CONSTANT_CONVERSION = YES;
				CLANG_WARN_DIRECT_OBJC_ISA_USAGE = YES_ERROR;
				CLANG_WARN_EMPTY_BODY = YES;
				CLANG_WARN_ENUM_CONVERSION = YES;
				CLANG_WARN_INT_CONVERSION = YES;
				CLANG_WARN_OBJC_ROOT_CLASS = YES_ERROR;
				CLANG_WARN_UNREACHABLE_CODE = YES;
				CLANG_WARN__DUPLICATE_METHOD_MATCH = YES;
				"CODE_SIGN_IDENTITY[sdk=iphoneos*]" = "iPhone Developer";
				COPY_PHASE_STRIP = NO;
				DEBUG_INFORMATION_FORMAT = dwarf;
				ENABLE_STRICT_OBJC_MSGSEND = YES;
				ENABLE_TESTABILITY = YES;
				GCC_C_LANGUAGE_STANDARD = gnu99;
				GCC_DYNAMIC_NO_PIC = NO;
				GCC_NO_COMMON_BLOCKS = YES;
				GCC_OPTIMIZATION_LEVEL = 0;
				GCC_PREPROCESSOR_DEFINITIONS = (
					"DEBUG=1",
					"$(inherited)",
				);
				GCC_WARN_64_TO_32_BIT_CONVERSION = YES;
				GCC_WARN_ABOUT_RETURN_TYPE = YES_ERROR;
				GCC_WARN_UNDECLARED_SELECTOR = YES;
				GCC_WARN_UNINITIALIZED_AUTOS = YES_AGGRESSIVE;
				GCC_WARN_UNUSED_FUNCTION = YES;
				GCC_WARN_UNUSED_VARIABLE = YES;
				IPHONEOS_DEPLOYMENT_TARGET = 9.3;
				MTL_ENABLE_DEBUG_INFO = YES;
				ONLY_ACTIVE_ARCH = YES;
				SDKROOT = iphoneos;
				SWIFT_OPTIMIZATION_LEVEL = "-Onone";
			};
			name = Debug;
		};
		5B032F011D0B36CB00B07DFF /* Release */ = {
			isa = XCBuildConfiguration;
			buildSettings = {
				ALWAYS_SEARCH_USER_PATHS = NO;
				CLANG_ANALYZER_NONNULL = YES;
				CLANG_CXX_LANGUAGE_STANDARD = "gnu++0x";
				CLANG_CXX_LIBRARY = "libc++";
				CLANG_ENABLE_MODULES = YES;
				CLANG_ENABLE_OBJC_ARC = YES;
				CLANG_WARN_BOOL_CONVERSION = YES;
				CLANG_WARN_CONSTANT_CONVERSION = YES;
				CLANG_WARN_DIRECT_OBJC_ISA_USAGE = YES_ERROR;
				CLANG_WARN_EMPTY_BODY = YES;
				CLANG_WARN_ENUM_CONVERSION = YES;
				CLANG_WARN_INT_CONVERSION = YES;
				CLANG_WARN_OBJC_ROOT_CLASS = YES_ERROR;
				CLANG_WARN_UNREACHABLE_CODE = YES;
				CLANG_WARN__DUPLICATE_METHOD_MATCH = YES;
				"CODE_SIGN_IDENTITY[sdk=iphoneos*]" = "iPhone Developer";
				COPY_PHASE_STRIP = NO;
				DEBUG_INFORMATION_FORMAT = "dwarf-with-dsym";
				ENABLE_NS_ASSERTIONS = NO;
				ENABLE_STRICT_OBJC_MSGSEND = YES;
				GCC_C_LANGUAGE_STANDARD = gnu99;
				GCC_NO_COMMON_BLOCKS = YES;
				GCC_WARN_64_TO_32_BIT_CONVERSION = YES;
				GCC_WARN_ABOUT_RETURN_TYPE = YES_ERROR;
				GCC_WARN_UNDECLARED_SELECTOR = YES;
				GCC_WARN_UNINITIALIZED_AUTOS = YES_AGGRESSIVE;
				GCC_WARN_UNUSED_FUNCTION = YES;
				GCC_WARN_UNUSED_VARIABLE = YES;
				IPHONEOS_DEPLOYMENT_TARGET = 9.3;
				MTL_ENABLE_DEBUG_INFO = NO;
				SDKROOT = iphoneos;
				VALIDATE_PRODUCT = YES;
			};
			name = Release;
		};
		5B032F031D0B36CB00B07DFF /* Debug */ = {
			isa = XCBuildConfiguration;
			baseConfigurationReference = 952BD7F092567104BA17B212 /* Pods-ArrayChallengeDeuce.debug.xcconfig */;
			buildSettings = {
				ASSETCATALOG_COMPILER_APPICON_NAME = AppIcon;
				INFOPLIST_FILE = ArrayChallengeDeuce/Info.plist;
				LD_RUNPATH_SEARCH_PATHS = "$(inherited) @executable_path/Frameworks";
				PRODUCT_BUNDLE_IDENTIFIER = com.flatironSchool.ArrayChallengeDeuce;
				PRODUCT_NAME = "$(TARGET_NAME)";
			};
			name = Debug;
		};
		5B032F041D0B36CB00B07DFF /* Release */ = {
			isa = XCBuildConfiguration;
			baseConfigurationReference = 77A78D1659D87310002B0ECD /* Pods-ArrayChallengeDeuce.release.xcconfig */;
			buildSettings = {
				ASSETCATALOG_COMPILER_APPICON_NAME = AppIcon;
				INFOPLIST_FILE = ArrayChallengeDeuce/Info.plist;
				LD_RUNPATH_SEARCH_PATHS = "$(inherited) @executable_path/Frameworks";
				PRODUCT_BUNDLE_IDENTIFIER = com.flatironSchool.ArrayChallengeDeuce;
				PRODUCT_NAME = "$(TARGET_NAME)";
			};
			name = Release;
		};
		5B032F061D0B36CB00B07DFF /* Debug */ = {
			isa = XCBuildConfiguration;
			baseConfigurationReference = 1C55057A9726778B4932E044 /* Pods-ArrayChallengeDeuceTests.debug.xcconfig */;
			buildSettings = {
				BUNDLE_LOADER = "$(TEST_HOST)";
				INFOPLIST_FILE = ArrayChallengeDeuceTests/Info.plist;
				LD_RUNPATH_SEARCH_PATHS = "$(inherited) @executable_path/Frameworks @loader_path/Frameworks";
				PRODUCT_BUNDLE_IDENTIFIER = com.flatironSchool.ArrayChallengeDeuceTests;
				PRODUCT_NAME = "$(TARGET_NAME)";
				TEST_HOST = "$(BUILT_PRODUCTS_DIR)/ArrayChallengeDeuce.app/ArrayChallengeDeuce";
			};
			name = Debug;
		};
		5B032F071D0B36CB00B07DFF /* Release */ = {
			isa = XCBuildConfiguration;
			baseConfigurationReference = B694D0230BBDB296863E91D9 /* Pods-ArrayChallengeDeuceTests.release.xcconfig */;
			buildSettings = {
				BUNDLE_LOADER = "$(TEST_HOST)";
				INFOPLIST_FILE = ArrayChallengeDeuceTests/Info.plist;
				LD_RUNPATH_SEARCH_PATHS = "$(inherited) @executable_path/Frameworks @loader_path/Frameworks";
				PRODUCT_BUNDLE_IDENTIFIER = com.flatironSchool.ArrayChallengeDeuceTests;
				PRODUCT_NAME = "$(TARGET_NAME)";
				TEST_HOST = "$(BUILT_PRODUCTS_DIR)/ArrayChallengeDeuce.app/ArrayChallengeDeuce";
			};
			name = Release;
		};
		5B032F091D0B36CB00B07DFF /* Debug */ = {
			isa = XCBuildConfiguration;
			baseConfigurationReference = 062A79D130BA6DEB1536695D /* Pods-ArrayChallengeDeuceUITests.debug.xcconfig */;
			buildSettings = {
				INFOPLIST_FILE = ArrayChallengeDeuceUITests/Info.plist;
				LD_RUNPATH_SEARCH_PATHS = "$(inherited) @executable_path/Frameworks @loader_path/Frameworks";
				PRODUCT_BUNDLE_IDENTIFIER = com.flatironSchool.ArrayChallengeDeuceUITests;
				PRODUCT_NAME = "$(TARGET_NAME)";
				TEST_TARGET_NAME = ArrayChallengeDeuce;
			};
			name = Debug;
		};
		5B032F0A1D0B36CB00B07DFF /* Release */ = {
			isa = XCBuildConfiguration;
			baseConfigurationReference = CC4A5B4AEC8930D6CEE49C95 /* Pods-ArrayChallengeDeuceUITests.release.xcconfig */;
			buildSettings = {
				INFOPLIST_FILE = ArrayChallengeDeuceUITests/Info.plist;
				LD_RUNPATH_SEARCH_PATHS = "$(inherited) @executable_path/Frameworks @loader_path/Frameworks";
				PRODUCT_BUNDLE_IDENTIFIER = com.flatironSchool.ArrayChallengeDeuceUITests;
				PRODUCT_NAME = "$(TARGET_NAME)";
				TEST_TARGET_NAME = ArrayChallengeDeuce;
			};
			name = Release;
		};
/* End XCBuildConfiguration section */

/* Begin XCConfigurationList section */
		5B032ED51D0B36CA00B07DFF /* Build configuration list for PBXProject "ArrayChallengeDeuce" */ = {
			isa = XCConfigurationList;
			buildConfigurations = (
				5B032F001D0B36CB00B07DFF /* Debug */,
				5B032F011D0B36CB00B07DFF /* Release */,
			);
			defaultConfigurationIsVisible = 0;
			defaultConfigurationName = Release;
		};
		5B032F021D0B36CB00B07DFF /* Build configuration list for PBXNativeTarget "ArrayChallengeDeuce" */ = {
			isa = XCConfigurationList;
			buildConfigurations = (
				5B032F031D0B36CB00B07DFF /* Debug */,
				5B032F041D0B36CB00B07DFF /* Release */,
			);
			defaultConfigurationIsVisible = 0;
			defaultConfigurationName = Release;
		};
		5B032F051D0B36CB00B07DFF /* Build configuration list for PBXNativeTarget "ArrayChallengeDeuceTests" */ = {
			isa = XCConfigurationList;
			buildConfigurations = (
				5B032F061D0B36CB00B07DFF /* Debug */,
				5B032F071D0B36CB00B07DFF /* Release */,
			);
			defaultConfigurationIsVisible = 0;
			defaultConfigurationName = Release;
		};
		5B032F081D0B36CB00B07DFF /* Build configuration list for PBXNativeTarget "ArrayChallengeDeuceUITests" */ = {
			isa = XCConfigurationList;
			buildConfigurations = (
				5B032F091D0B36CB00B07DFF /* Debug */,
				5B032F0A1D0B36CB00B07DFF /* Release */,
			);
			defaultConfigurationIsVisible = 0;
			defaultConfigurationName = Release;
		};
/* End XCConfigurationList section */
	};
	rootObject = 5B032ED21D0B36CA00B07DFF /* Project object */;
}
